# This file is generated by running "yarn install" inside your project.
# Manual changes might be lost - proceed with caution!

__metadata:
  version: 4

"curious-stats3@workspace:.":
  version: 0.0.0-use.local
  resolution: "curious-stats3@workspace:."
  dependencies:
    prettier: ^1.19.1
  languageName: unknown
  linkType: soft

"prettier@npm:^1.19.1":
  version: 1.19.1
  resolution: "prettier@npm:1.19.1"
  bin:
    prettier: ./bin-prettier.js
  checksum: 2/e5fcdfe5e159ef5c5480245353cf8fb5bbd1b8afff266f31f281641825238f8a645e58472f77cd75a09ccc45d44c335466e8d901ec138c2bda05e1bd6ea1077c
  languageName: node
  linkType: hard
